{
  "nodes": {
    "nix-systems": {
      "flake": false,
      "locked": {
        "lastModified": 1689347949,
        "narHash": "sha256-12tWmuL2zgBgZkdoB6qXZsgJEH9LR3oUgpaQq2RbI80=",
        "ref": "refs/heads/main",
        "rev": "31732fcf5e8fea42e59c2488ad31a0e651500f68",
        "revCount": 5,
        "type": "git",
        "url": "https://git.shell.bsocat.net/nix-systems-default-linux"
      },
      "original": {
        "type": "git",
        "url": "https://git.shell.bsocat.net/nix-systems-default-linux"
      }
    },
    "nixpkgs": {
      "flake": false,
      "locked": {
        "lastModified": 1755593991,
        "narHash": "sha256-BA9MuPjBDx/WnpTJ0EGhStyfE7hug8g85Y3Ju9oTsM4=",
        "ref": "nixos-25.05",
        "rev": "a58390ab6f1aa810eb8e0f0fc74230e7cc06de03",
        "revCount": 808472,
        "type": "git",
        "url": "https://git.shell.bsocat.net/nixpkgs"
      },
      "original": {
        "ref": "nixos-25.05",
        "type": "git",
        "url": "https://git.shell.bsocat.net/nixpkgs"
      }
    },
    "root": {
      "inputs": {
        "nix-systems": "nix-systems",
        "nixpkgs": "nixpkgs"
      }
    }
  },
  "root": "root",
  "version": 7
}
