{
  "nodes": {
    "nix-systems": {
      "flake": false,
      "locked": {
        "lastModified": 1689347949,
        "narHash": "sha256-12tWmuL2zgBgZkdoB6qXZsgJEH9LR3oUgpaQq2RbI80=",
        "ref": "refs/heads/main",
        "rev": "31732fcf5e8fea42e59c2488ad31a0e651500f68",
        "revCount": 5,
        "type": "git",
        "url": "https://git.shell.bsocat.net/nix-systems-default-linux"
      },
      "original": {
        "type": "git",
        "url": "https://git.shell.bsocat.net/nix-systems-default-linux"
      }
    },
    "nixpkgs": {
      "flake": false,
      "locked": {
        "lastModified": 1779622335,
        "narHash": "sha256-ViA62qtL5za7V3d5I8OA9q9JcFhsVAiL5jVHwEclWqk=",
        "ref": "nixos-26.05",
        "rev": "705e9929918b43bd7b715dc0a878ac870449bb03",
        "revCount": 1004292,
        "type": "git",
        "url": "https://git.shell.bsocat.net/nixpkgs"
      },
      "original": {
        "ref": "nixos-26.05",
        "type": "git",
        "url": "https://git.shell.bsocat.net/nixpkgs"
      }
    },
    "root": {
      "inputs": {
        "nix-systems": "nix-systems",
        "nixpkgs": "nixpkgs"
      }
    }
  },
  "root": "root",
  "version": 7
}
