{
  "nodes": {
    "flake-utils": {
      "inputs": {
        "systems": [
          "systems"
        ]
      },
      "locked": {
        "lastModified": 1710146030,
        "narHash": "sha256-SZ5L6eA7HJ/nmkzGG7/ISclqe6oZdOZTNoesiInkXPQ=",
        "ref": "refs/heads/main",
        "rev": "b1d9ab70662946ef0850d488da1c9019f3a9752a",
        "revCount": 92,
        "type": "git",
        "url": "https://git.shell.bsocat.net/flake-utils"
      },
      "original": {
        "type": "git",
        "url": "https://git.shell.bsocat.net/flake-utils"
      }
    },
    "nixpkgs": {
      "locked": {
        "lastModified": 1725407940,
        "narHash": "sha256-tiN5Rlg/jiY0tyky+soJZoRzLKbPyIdlQ77xVgREDNM=",
        "ref": "nixos-24.05",
        "rev": "6f6c45b5134a8ee2e465164811e451dcb5ad86e3",
        "revCount": 634809,
        "type": "git",
        "url": "https://git.shell.bsocat.net/nixpkgs"
      },
      "original": {
        "ref": "nixos-24.05",
        "type": "git",
        "url": "https://git.shell.bsocat.net/nixpkgs"
      }
    },
    "root": {
      "inputs": {
        "flake-utils": "flake-utils",
        "nixpkgs": "nixpkgs",
        "systems": "systems"
      }
    },
    "systems": {
      "locked": {
        "lastModified": 1689347949,
        "narHash": "sha256-12tWmuL2zgBgZkdoB6qXZsgJEH9LR3oUgpaQq2RbI80=",
        "ref": "refs/heads/main",
        "rev": "31732fcf5e8fea42e59c2488ad31a0e651500f68",
        "revCount": 5,
        "type": "git",
        "url": "https://git.shell.bsocat.net/nix-systems-default-linux"
      },
      "original": {
        "type": "git",
        "url": "https://git.shell.bsocat.net/nix-systems-default-linux"
      }
    }
  },
  "root": "root",
  "version": 7
}
